
Microsoft Visual Studio Solution File, Format Version 12.00
Project("{FAE04EC0-301F-11D3-BF4B-00C04F79EFBC}") = "KanbanBoard.Backend.Api", "src\Backend\KanbanBoard.Backend.Api\KanbanBoard.Backend.Api.csproj", "{BF52CC1A-E43A-4EAF-8D37-F9E203873259}"
EndProject
Project("{FAE04EC0-301F-11D3-BF4B-00C04F79EFBC}") = "KanbanBoard.Backend.Tests", "tests\Backend.Tests\KanbanBoard.Backend.Tests\KanbanBoard.Backend.Tests.csproj", "{81565591-7047-4580-A725-C43E857B0C84}"
EndProject
Project("{FAE04EC0-301F-11D3-BF4B-00C04F79EFBC}") = "KanbanBoard.Backend.Domain", "src\Backend\KanbanBoard.Backend.Domain\KanbanBoard.Backend.Domain.csproj", "{1A1D9C5D-4CF4-45CF-878B-0C7DC40C7FFB}"
EndProject
Project("{FAE04EC0-301F-11D3-BF4B-00C04F79EFBC}") = "KanbanBoard.Backend.Application", "src\Backend\KanbanBoard.Backend.Application\KanbanBoard.Backend.Application.csproj", "{37AE2A8A-F706-4655-BACF-C625030B4440}"
EndProject
Project("{FAE04EC0-301F-11D3-BF4B-00C04F79EFBC}") = "KanbanBoard.Backend.Infrastructure.Persistence.InMemory", "src\Backend\KanbanBoard.Backend.Infrastructure\KanbanBoard.Backend.Infrastructure.Persistence.InMemory\KanbanBoard.Backend.Infrastructure.Persistence.InMemory.csproj", "{C680B5A3-4C8A-498E-8AAE-0C63F3D481DD}"
EndProject
Project("{FAE04EC0-301F-11D3-BF4B-00C04F79EFBC}") = "KanbanBoard.Backend.Infrastructure.Persistence.EFCore", "src\Backend\KanbanBoard.Backend.Infrastructure\KanbanBoard.Backend.Infrastructure.Persistence.EFCore\KanbanBoard.Backend.Infrastructure.Persistence.EFCore.csproj", "{1BF6ADDB-6E26-4D9E-B2FD-4093B8205C5E}"
EndProject
Global
	GlobalSection(SolutionConfigurationPlatforms) = preSolution
		Debug|Any CPU = Debug|Any CPU
		Release|Any CPU = Release|Any CPU
	EndGlobalSection
	GlobalSection(ProjectConfigurationPlatforms) = postSolution
		{BF52CC1A-E43A-4EAF-8D37-F9E203873259}.Debug|Any CPU.ActiveCfg = Debug|Any CPU
		{BF52CC1A-E43A-4EAF-8D37-F9E203873259}.Debug|Any CPU.Build.0 = Debug|Any CPU
		{BF52CC1A-E43A-4EAF-8D37-F9E203873259}.Release|Any CPU.ActiveCfg = Release|Any CPU
		{BF52CC1A-E43A-4EAF-8D37-F9E203873259}.Release|Any CPU.Build.0 = Release|Any CPU
		{81565591-7047-4580-A725-C43E857B0C84}.Debug|Any CPU.ActiveCfg = Debug|Any CPU
		{81565591-7047-4580-A725-C43E857B0C84}.Debug|Any CPU.Build.0 = Debug|Any CPU
		{81565591-7047-4580-A725-C43E857B0C84}.Release|Any CPU.ActiveCfg = Release|Any CPU
		{81565591-7047-4580-A725-C43E857B0C84}.Release|Any CPU.Build.0 = Release|Any CPU
		{1A1D9C5D-4CF4-45CF-878B-0C7DC40C7FFB}.Debug|Any CPU.ActiveCfg = Debug|Any CPU
		{1A1D9C5D-4CF4-45CF-878B-0C7DC40C7FFB}.Debug|Any CPU.Build.0 = Debug|Any CPU
		{1A1D9C5D-4CF4-45CF-878B-0C7DC40C7FFB}.Release|Any CPU.ActiveCfg = Release|Any CPU
		{1A1D9C5D-4CF4-45CF-878B-0C7DC40C7FFB}.Release|Any CPU.Build.0 = Release|Any CPU
		{37AE2A8A-F706-4655-BACF-C625030B4440}.Debug|Any CPU.ActiveCfg = Debug|Any CPU
		{37AE2A8A-F706-4655-BACF-C625030B4440}.Debug|Any CPU.Build.0 = Debug|Any CPU
		{37AE2A8A-F706-4655-BACF-C625030B4440}.Release|Any CPU.ActiveCfg = Release|Any CPU
		{37AE2A8A-F706-4655-BACF-C625030B4440}.Release|Any CPU.Build.0 = Release|Any CPU
		{C680B5A3-4C8A-498E-8AAE-0C63F3D481DD}.Debug|Any CPU.ActiveCfg = Debug|Any CPU
		{C680B5A3-4C8A-498E-8AAE-0C63F3D481DD}.Debug|Any CPU.Build.0 = Debug|Any CPU
		{C680B5A3-4C8A-498E-8AAE-0C63F3D481DD}.Release|Any CPU.ActiveCfg = Release|Any CPU
		{C680B5A3-4C8A-498E-8AAE-0C63F3D481DD}.Release|Any CPU.Build.0 = Release|Any CPU
		{1BF6ADDB-6E26-4D9E-B2FD-4093B8205C5E}.Debug|Any CPU.ActiveCfg = Debug|Any CPU
		{1BF6ADDB-6E26-4D9E-B2FD-4093B8205C5E}.Debug|Any CPU.Build.0 = Debug|Any CPU
		{1BF6ADDB-6E26-4D9E-B2FD-4093B8205C5E}.Release|Any CPU.ActiveCfg = Release|Any CPU
		{1BF6ADDB-6E26-4D9E-B2FD-4093B8205C5E}.Release|Any CPU.Build.0 = Release|Any CPU
	EndGlobalSection
EndGlobal
